
Microsoft Visual Studio Solution File, Format Version 12.00
# Visual Studio Version 17
VisualStudioVersion = 17.13.35931.197 d17.13
MinimumVisualStudioVersion = 10.0.40219.1
Project("{FAE04EC0-301F-11D3-BF4B-00C04F79EFBC}") = "SimpleTaskManagementWebApplication", "SimpleTaskManagementWebApplication\SimpleTaskManagementWebApplication.csproj", "{88771A34-7D42-487E-9D62-BC41754385ED}"
EndProject
Global
	GlobalSection(SolutionConfigurationPlatforms) = preSolution
		Debug|Any CPU = Debug|Any CPU
		Release|Any CPU = Release|Any CPU
	EndGlobalSection
	GlobalSection(ProjectConfigurationPlatforms) = postSolution
		{88771A34-7D42-487E-9D62-BC41754385ED}.Debug|Any CPU.ActiveCfg = Debug|Any CPU
		{88771A34-7D42-487E-9D62-BC41754385ED}.Debug|Any CPU.Build.0 = Debug|Any CPU
		{88771A34-7D42-487E-9D62-BC41754385ED}.Release|Any CPU.ActiveCfg = Release|Any CPU
		{88771A34-7D42-487E-9D62-BC41754385ED}.Release|Any CPU.Build.0 = Release|Any CPU
	EndGlobalSection
	GlobalSection(SolutionProperties) = preSolution
		HideSolutionNode = FALSE
	EndGlobalSection
	GlobalSection(ExtensibilityGlobals) = postSolution
		SolutionGuid = {EFA237D7-DE70-4055-8C5A-9CB7549F8889}
	EndGlobalSection
EndGlobal
